
Microsoft Visual Studio Solution File, Format Version 12.00
# Visual Studio 15
VisualStudioVersion = 15.0.28307.168
MinimumVisualStudioVersion = 10.0.40219.1
Project("{FAE04EC0-301F-11D3-BF4B-00C04F79EFBC}") = "BigQServer", "BigQServer\BigQServer.csproj", "{2F8FB0A4-0CDE-44ED-AEF2-7BB91417F71F}"
EndProject
Project("{FAE04EC0-301F-11D3-BF4B-00C04F79EFBC}") = "BigQServerTest", "BigQServerTest\BigQServerTest.csproj", "{E8B6F489-5F17-4A8E-B79F-0209203B412A}"
EndProject
Project("{FAE04EC0-301F-11D3-BF4B-00C04F79EFBC}") = "BigQClientTest", "BigQClientTest\BigQClientTest.csproj", "{76C26D56-C1F4-423A-80F1-7BDA20332DEA}"
EndProject
Project("{FAE04EC0-301F-11D3-BF4B-00C04F79EFBC}") = "Core", "Core\Core.csproj", "{0B0E6BCD-CA90-4F97-BE5D-26C9D604B211}"
EndProject
Project("{FAE04EC0-301F-11D3-BF4B-00C04F79EFBC}") = "BigQClient", "BigQClient\BigQClient.csproj", "{FA517B8F-DC27-433E-B919-1733791D117B}"
EndProject
Global
	GlobalSection(SolutionConfigurationPlatforms) = preSolution
		Debug|Any CPU = Debug|Any CPU
		Release|Any CPU = Release|Any CPU
	EndGlobalSection
	GlobalSection(ProjectConfigurationPlatforms) = postSolution
		{2F8FB0A4-0CDE-44ED-AEF2-7BB91417F71F}.Debug|Any CPU.ActiveCfg = Debug|Any CPU
		{2F8FB0A4-0CDE-44ED-AEF2-7BB91417F71F}.Debug|Any CPU.Build.0 = Debug|Any CPU
		{2F8FB0A4-0CDE-44ED-AEF2-7BB91417F71F}.Release|Any CPU.ActiveCfg = Release|Any CPU
		{2F8FB0A4-0CDE-44ED-AEF2-7BB91417F71F}.Release|Any CPU.Build.0 = Release|Any CPU
		{E8B6F489-5F17-4A8E-B79F-0209203B412A}.Debug|Any CPU.ActiveCfg = Debug|Any CPU
		{E8B6F489-5F17-4A8E-B79F-0209203B412A}.Debug|Any CPU.Build.0 = Debug|Any CPU
		{E8B6F489-5F17-4A8E-B79F-0209203B412A}.Release|Any CPU.ActiveCfg = Release|Any CPU
		{E8B6F489-5F17-4A8E-B79F-0209203B412A}.Release|Any CPU.Build.0 = Release|Any CPU
		{76C26D56-C1F4-423A-80F1-7BDA20332DEA}.Debug|Any CPU.ActiveCfg = Debug|Any CPU
		{76C26D56-C1F4-423A-80F1-7BDA20332DEA}.Debug|Any CPU.Build.0 = Debug|Any CPU
		{76C26D56-C1F4-423A-80F1-7BDA20332DEA}.Release|Any CPU.ActiveCfg = Release|Any CPU
		{76C26D56-C1F4-423A-80F1-7BDA20332DEA}.Release|Any CPU.Build.0 = Release|Any CPU
		{0B0E6BCD-CA90-4F97-BE5D-26C9D604B211}.Debug|Any CPU.ActiveCfg = Debug|Any CPU
		{0B0E6BCD-CA90-4F97-BE5D-26C9D604B211}.Debug|Any CPU.Build.0 = Debug|Any CPU
		{0B0E6BCD-CA90-4F97-BE5D-26C9D604B211}.Release|Any CPU.ActiveCfg = Release|Any CPU
		{0B0E6BCD-CA90-4F97-BE5D-26C9D604B211}.Release|Any CPU.Build.0 = Release|Any CPU
		{FA517B8F-DC27-433E-B919-1733791D117B}.Debug|Any CPU.ActiveCfg = Debug|Any CPU
		{FA517B8F-DC27-433E-B919-1733791D117B}.Debug|Any CPU.Build.0 = Debug|Any CPU
		{FA517B8F-DC27-433E-B919-1733791D117B}.Release|Any CPU.ActiveCfg = Release|Any CPU
		{FA517B8F-DC27-433E-B919-1733791D117B}.Release|Any CPU.Build.0 = Release|Any CPU
	EndGlobalSection
	GlobalSection(SolutionProperties) = preSolution
		HideSolutionNode = FALSE
	EndGlobalSection
	GlobalSection(ExtensibilityGlobals) = postSolution
		SolutionGuid = {C5C0BE04-B2A4-49C1-9D04-7ACE91676457}
	EndGlobalSection
EndGlobal
